github.com/russross/blackfriday v1.6.0 h1:KqfZb0pUVN2lYqZUYRddxF4OR8ZMURnJIG5Y3VRLtww=
github.com/russross/blackfriday v1.6.0/go.mod h1:ti0ldHuxg49ri4ksnFxlkCfN+hvslNlmVHqNRXXJNAY=
mpldr.codes/ansi v1.5.0 h1:jAAtDMwU/DC7OPxmrVFpmM3RrSQDcMeLhuk6BuEoWZc=
mpldr.codes/ansi v1.5.0/go.mod h1:SYuKX0r6nxvySxMxzQX9frQaKLjEqKapjjg17euonMc=
